
Microsoft Visual Studio Solution File, Format Version 12.00
# Visual Studio Version 17
VisualStudioVersion = 17.11.35312.102
MinimumVisualStudioVersion = 10.0.40219.1
Project("{FAE04EC0-301F-11D3-BF4B-00C04F79EFBC}") = "Train-project.API", "Train-project.API\Train-project.API.csproj", "{34B64F3F-B298-4565-99DD-6F3501CCCEED}"
EndProject
Project("{FAE04EC0-301F-11D3-BF4B-00C04F79EFBC}") = "Train-project.Core", "Train-project.Core\Train-project.Core.csproj", "{9685F646-7279-4124-A4B1-2C9129878142}"
EndProject
Project("{FAE04EC0-301F-11D3-BF4B-00C04F79EFBC}") = "Train-project.Service", "Train-project.Service\Train-project.Service.csproj", "{F60F2D39-0D6C-41A7-980C-3A4A102123FF}"
EndProject
Project("{FAE04EC0-301F-11D3-BF4B-00C04F79EFBC}") = "Train-project.Data", "Train-project.Data\Train-project.Data.csproj", "{FFC37D52-A14E-4E9F-8E52-0F75FAA9C8F7}"
EndProject
Global
	GlobalSection(SolutionConfigurationPlatforms) = preSolution
		Debug|Any CPU = Debug|Any CPU
		Release|Any CPU = Release|Any CPU
	EndGlobalSection
	GlobalSection(ProjectConfigurationPlatforms) = postSolution
		{34B64F3F-B298-4565-99DD-6F3501CCCEED}.Debug|Any CPU.ActiveCfg = Debug|Any CPU
		{34B64F3F-B298-4565-99DD-6F3501CCCEED}.Debug|Any CPU.Build.0 = Debug|Any CPU
		{34B64F3F-B298-4565-99DD-6F3501CCCEED}.Release|Any CPU.ActiveCfg = Release|Any CPU
		{34B64F3F-B298-4565-99DD-6F3501CCCEED}.Release|Any CPU.Build.0 = Release|Any CPU
		{9685F646-7279-4124-A4B1-2C9129878142}.Debug|Any CPU.ActiveCfg = Debug|Any CPU
		{9685F646-7279-4124-A4B1-2C9129878142}.Debug|Any CPU.Build.0 = Debug|Any CPU
		{9685F646-7279-4124-A4B1-2C9129878142}.Release|Any CPU.ActiveCfg = Release|Any CPU
		{9685F646-7279-4124-A4B1-2C9129878142}.Release|Any CPU.Build.0 = Release|Any CPU
		{F60F2D39-0D6C-41A7-980C-3A4A102123FF}.Debug|Any CPU.ActiveCfg = Debug|Any CPU
		{F60F2D39-0D6C-41A7-980C-3A4A102123FF}.Debug|Any CPU.Build.0 = Debug|Any CPU
		{F60F2D39-0D6C-41A7-980C-3A4A102123FF}.Release|Any CPU.ActiveCfg = Release|Any CPU
		{F60F2D39-0D6C-41A7-980C-3A4A102123FF}.Release|Any CPU.Build.0 = Release|Any CPU
		{FFC37D52-A14E-4E9F-8E52-0F75FAA9C8F7}.Debug|Any CPU.ActiveCfg = Debug|Any CPU
		{FFC37D52-A14E-4E9F-8E52-0F75FAA9C8F7}.Debug|Any CPU.Build.0 = Debug|Any CPU
		{FFC37D52-A14E-4E9F-8E52-0F75FAA9C8F7}.Release|Any CPU.ActiveCfg = Release|Any CPU
		{FFC37D52-A14E-4E9F-8E52-0F75FAA9C8F7}.Release|Any CPU.Build.0 = Release|Any CPU
	EndGlobalSection
	GlobalSection(SolutionProperties) = preSolution
		HideSolutionNode = FALSE
	EndGlobalSection
	GlobalSection(ExtensibilityGlobals) = postSolution
		SolutionGuid = {89813AB2-BF5E-4306-80F3-1BA91C25C924}
	EndGlobalSection
EndGlobal
